
Microsoft Visual Studio Solution File, Format Version 12.00
# Visual Studio Version 16
VisualStudioVersion = 16.0.29025.244
MinimumVisualStudioVersion = 10.0.40219.1
Project("{FAE04EC0-301F-11D3-BF4B-00C04F79EFBC}") = "WindowsFormsApp1", "WindowsFormsApp1\WindowsFormsApp1.csproj", "{EBFCECD6-480F-4F8D-BF03-CE05A5FEF6A9}"
EndProject
Global
	GlobalSection(SolutionConfigurationPlatforms) = preSolution
		Debug|Any CPU = Debug|Any CPU
		Release|Any CPU = Release|Any CPU
	EndGlobalSection
	GlobalSection(ProjectConfigurationPlatforms) = postSolution
		{EBFCECD6-480F-4F8D-BF03-CE05A5FEF6A9}.Debug|Any CPU.ActiveCfg = Debug|Any CPU
		{EBFCECD6-480F-4F8D-BF03-CE05A5FEF6A9}.Debug|Any CPU.Build.0 = Debug|Any CPU
		{EBFCECD6-480F-4F8D-BF03-CE05A5FEF6A9}.Release|Any CPU.ActiveCfg = Release|Any CPU
		{EBFCECD6-480F-4F8D-BF03-CE05A5FEF6A9}.Release|Any CPU.Build.0 = Release|Any CPU
	EndGlobalSection
	GlobalSection(SolutionProperties) = preSolution
		HideSolutionNode = FALSE
	EndGlobalSection
	GlobalSection(ExtensibilityGlobals) = postSolution
		SolutionGuid = {788E99E5-255E-4D4F-AEB3-B3C873982B14}
	EndGlobalSection
EndGlobal
